
Microsoft Visual Studio Solution File, Format Version 12.00
# Visual Studio Version 16
VisualStudioVersion = 16.0.32510.428
MinimumVisualStudioVersion = 10.0.40219.1
Project("{FAE04EC0-301F-11D3-BF4B-00C04F79EFBC}") = "Calculadora", "Calculadora\Calculadora.csproj", "{48055226-525E-4E89-8A9E-5EBC3D60B80C}"
EndProject
Global
	GlobalSection(SolutionConfigurationPlatforms) = preSolution
		Debug|Any CPU = Debug|Any CPU
		Release|Any CPU = Release|Any CPU
	EndGlobalSection
	GlobalSection(ProjectConfigurationPlatforms) = postSolution
		{48055226-525E-4E89-8A9E-5EBC3D60B80C}.Debug|Any CPU.ActiveCfg = Debug|Any CPU
		{48055226-525E-4E89-8A9E-5EBC3D60B80C}.Debug|Any CPU.Build.0 = Debug|Any CPU
		{48055226-525E-4E89-8A9E-5EBC3D60B80C}.Release|Any CPU.ActiveCfg = Release|Any CPU
		{48055226-525E-4E89-8A9E-5EBC3D60B80C}.Release|Any CPU.Build.0 = Release|Any CPU
	EndGlobalSection
	GlobalSection(SolutionProperties) = preSolution
		HideSolutionNode = FALSE
	EndGlobalSection
	GlobalSection(ExtensibilityGlobals) = postSolution
		SolutionGuid = {E0809CB5-0247-4769-B2FF-FB49BE1F474D}
	EndGlobalSection
EndGlobal
